// !$*UTF8*$!
{
	archiveVersion = 1;
	classes = {
	};
	objectVersion = 46;
	objects = {

/* Begin PBXBuildFile section */
		8CCC8F9A1AA4CE34000594B7 /* main.m in Sources */ = {isa = PBXBuildFile; fileRef = 8CCC8F991AA4CE34000594B7 /* main.m */; };
		8CCC8F9D1AA4CE34000594B7 /* AppDelegate.m in Sources */ = {isa = PBXBuildFile; fileRef = 8CCC8F9C1AA4CE34000594B7 /* AppDelegate.m */; };
		8CCC8FA01AA4CE34000594B7 /* ViewController.m in Sources */ = {isa = PBXBuildFile; fileRef = 8CCC8F9F1AA4CE34000594B7 /* ViewController.m */; };
		8CCC8FA31AA4CE34000594B7 /* Main.storyboard in Resources */ = {isa = PBXBuildFile; fileRef = 8CCC8FA11AA4CE34000594B7 /* Main.storyboard */; };
		8CCC8FA51AA4CE34000594B7 /* Images.xcassets in Resources */ = {isa = PBXBuildFile; fileRef = 8CCC8FA41AA4CE34000594B7 /* Images.xcassets */; };
		8CCC8FA81AA4CE34000594B7 /* LaunchScreen.xib in Resources */ = {isa = PBXBuildFile; fileRef = 8CCC8FA61AA4CE34000594B7 /* LaunchScreen.xib */; };
		8CCC8FB41AA4CE34000594B7 /* Ta_MarcadoTests.m in Sources */ = {isa = PBXBuildFile; fileRef = 8CCC8FB31AA4CE34000594B7 /* Ta_MarcadoTests.m */; };
		8CCC8FBE1AA4D646000594B7 /* CoreLocation.framework in Frameworks */ = {isa = PBXBuildFile; fileRef = 8CCC8FBD1AA4D646000594B7 /* CoreLocation.framework */; };
		8CCC8FC01AA4D64D000594B7 /* MapKit.framework in Frameworks */ = {isa = PBXBuildFile; fileRef = 8CCC8FBF1AA4D64D000594B7 /* MapKit.framework */; };
		8CCC8FC61AA4D737000594B7 /* CellViewController.m in Sources */ = {isa = PBXBuildFile; fileRef = 8CCC8FC51AA4D737000594B7 /* CellViewController.m */; };
		8CCC8FC91AA4D777000594B7 /* TableViewController.m in Sources */ = {isa = PBXBuildFile; fileRef = 8CCC8FC81AA4D777000594B7 /* TableViewController.m */; };
/* End PBXBuildFile section */

/* Begin PBXContainerItemProxy section */
		8CCC8FAE1AA4CE34000594B7 /* PBXContainerItemProxy */ = {
			isa = PBXContainerItemProxy;
			containerPortal = 8CCC8F8C1AA4CE33000594B7 /* Project object */;
			proxyType = 1;
			remoteGlobalIDString = 8CCC8F931AA4CE33000594B7;
			remoteInfo = Ta_Marcado;
		};
/* End PBXContainerItemProxy section */

/* Begin PBXFileReference section */
		8CCC8F941AA4CE33000594B7 /* Ta_Marcado.app */ = {isa = PBXFileReference; explicitFileType = wrapper.application; includeInIndex = 0; path = Ta_Marcado.app; sourceTree = BUILT_PRODUCTS_DIR; };
		8CCC8F981AA4CE34000594B7 /* Info.plist */ = {isa = PBXFileReference; lastKnownFileType = text.plist.xml; path = Info.plist; sourceTree = "<group>"; };
		8CCC8F991AA4CE34000594B7 /* main.m */ = {isa = PBXFileReference; lastKnownFileType = sourcecode.c.objc; path = main.m; sourceTree = "<group>"; };
		8CCC8F9B1AA4CE34000594B7 /* AppDelegate.h */ = {isa = PBXFileReference; lastKnownFileType = sourcecode.c.h; path = AppDelegate.h; sourceTree = "<group>"; };
		8CCC8F9C1AA4CE34000594B7 /* AppDelegate.m */ = {isa = PBXFileReference; lastKnownFileType = sourcecode.c.objc; path = AppDelegate.m; sourceTree = "<group>"; };
		8CCC8F9E1AA4CE34000594B7 /* ViewController.h */ = {isa = PBXFileReference; lastKnownFileType = sourcecode.c.h; path = ViewController.h; sourceTree = "<group>"; };
		8CCC8F9F1AA4CE34000594B7 /* ViewController.m */ = {isa = PBXFileReference; lastKnownFileType = sourcecode.c.objc; path = ViewController.m; sourceTree = "<group>"; };
		8CCC8FA21AA4CE34000594B7 /* Base */ = {isa = PBXFileReference; lastKnownFileType = file.storyboard; name = Base; path = Base.lproj/Main.storyboard; sourceTree = "<group>"; };
		8CCC8FA41AA4CE34000594B7 /* Images.xcassets */ = {isa = PBXFileReference; lastKnownFileType = folder.assetcatalog; path = Images.xcassets; sourceTree = "<group>"; };
		8CCC8FA71AA4CE34000594B7 /* Base */ = {isa = PBXFileReference; lastKnownFileType = file.xib; name = Base; path = Base.lproj/LaunchScreen.xib; sourceTree = "<group>"; };
		8CCC8FAD1AA4CE34000594B7 /* Ta_MarcadoTests.xctest */ = {isa = PBXFileReference; explicitFileType = wrapper.cfbundle; includeInIndex = 0; path = Ta_MarcadoTests.xctest; sourceTree = BUILT_PRODUCTS_DIR; };
		8CCC8FB21AA4CE34000594B7 /* Info.plist */ = {isa = PBXFileReference; lastKnownFileType = text.plist.xml; path = Info.plist; sourceTree = "<group>"; };
		8CCC8FB31AA4CE34000594B7 /* Ta_MarcadoTests.m */ = {isa = PBXFileReference; lastKnownFileType = sourcecode.c.objc; path = Ta_MarcadoTests.m; sourceTree = "<group>"; };
		8CCC8FBD1AA4D646000594B7 /* CoreLocation.framework */ = {isa = PBXFileReference; lastKnownFileType = wrapper.framework; name = CoreLocation.framework; path = System/Library/Frameworks/CoreLocation.framework; sourceTree = SDKROOT; };
		8CCC8FBF1AA4D64D000594B7 /* MapKit.framework */ = {isa = PBXFileReference; lastKnownFileType = wrapper.framework; name = MapKit.framework; path = System/Library/Frameworks/MapKit.framework; sourceTree = SDKROOT; };
		8CCC8FC41AA4D737000594B7 /* CellViewController.h */ = {isa = PBXFileReference; fileEncoding = 4; lastKnownFileType = sourcecode.c.h; name = CellViewController.h; path = ../CellViewController.h; sourceTree = "<group>"; };
		8CCC8FC51AA4D737000594B7 /* CellViewController.m */ = {isa = PBXFileReference; fileEncoding = 4; lastKnownFileType = sourcecode.c.objc; name = CellViewController.m; path = ../CellViewController.m; sourceTree = "<group>"; };
		8CCC8FC71AA4D777000594B7 /* TableViewController.h */ = {isa = PBXFileReference; fileEncoding = 4; lastKnownFileType = sourcecode.c.h; name = TableViewController.h; path = ../TableViewController.h; sourceTree = "<group>"; };
		8CCC8FC81AA4D777000594B7 /* TableViewController.m */ = {isa = PBXFileReference; fileEncoding = 4; lastKnownFileType = sourcecode.c.objc; name = TableViewController.m; path = ../TableViewController.m; sourceTree = "<group>"; };
/* End PBXFileReference section */

/* Begin PBXFrameworksBuildPhase section */
		8CCC8F911AA4CE33000594B7 /* Frameworks */ = {
			isa = PBXFrameworksBuildPhase;
			buildActionMask = 2147483647;
			files = (
				8CCC8FC01AA4D64D000594B7 /* MapKit.framework in Frameworks */,
				8CCC8FBE1AA4D646000594B7 /* CoreLocation.framework in Frameworks */,
			);
			runOnlyForDeploymentPostprocessing = 0;
		};
		8CCC8FAA1AA4CE34000594B7 /* Frameworks */ = {
			isa = PBXFrameworksBuildPhase;
			buildActionMask = 2147483647;
			files = (
			);
			runOnlyForDeploymentPostprocessing = 0;
		};
/* End PBXFrameworksBuildPhase section */

/* Begin PBXGroup section */
		8CCC8F8B1AA4CE33000594B7 = {
			isa = PBXGroup;
			children = (
				8CCC8FBF1AA4D64D000594B7 /* MapKit.framework */,
				8CCC8FBD1AA4D646000594B7 /* CoreLocation.framework */,
				8CCC8F961AA4CE33000594B7 /* Ta_Marcado */,
				8CCC8FB01AA4CE34000594B7 /* Ta_MarcadoTests */,
				8CCC8F951AA4CE33000594B7 /* Products */,
			);
			sourceTree = "<group>";
		};
		8CCC8F951AA4CE33000594B7 /* Products */ = {
			isa = PBXGroup;
			children = (
				8CCC8F941AA4CE33000594B7 /* Ta_Marcado.app */,
				8CCC8FAD1AA4CE34000594B7 /* Ta_MarcadoTests.xctest */,
			);
			name = Products;
			sourceTree = "<group>";
		};
		8CCC8F961AA4CE33000594B7 /* Ta_Marcado */ = {
			isa = PBXGroup;
			children = (
				8CCC8F9B1AA4CE34000594B7 /* AppDelegate.h */,
				8CCC8F9C1AA4CE34000594B7 /* AppDelegate.m */,
				8CCC8F9E1AA4CE34000594B7 /* ViewController.h */,
				8CCC8F9F1AA4CE34000594B7 /* ViewController.m */,
				8CCC8FC71AA4D777000594B7 /* TableViewController.h */,
				8CCC8FC81AA4D777000594B7 /* TableViewController.m */,
				8CCC8FC41AA4D737000594B7 /* CellViewController.h */,
				8CCC8FC51AA4D737000594B7 /* CellViewController.m */,
				8CCC8FA11AA4CE34000594B7 /* Main.storyboard */,
				8CCC8FA41AA4CE34000594B7 /* Images.xcassets */,
				8CCC8FA61AA4CE34000594B7 /* LaunchScreen.xib */,
				8CCC8F971AA4CE34000594B7 /* Supporting Files */,
			);
			path = Ta_Marcado;
			sourceTree = "<group>";
		};
		8CCC8F971AA4CE34000594B7 /* Supporting Files */ = {
			isa = PBXGroup;
			children = (
				8CCC8F981AA4CE34000594B7 /* Info.plist */,
				8CCC8F991AA4CE34000594B7 /* main.m */,
			);
			name = "Supporting Files";
			sourceTree = "<group>";
		};
		8CCC8FB01AA4CE34000594B7 /* Ta_MarcadoTests */ = {
			isa = PBXGroup;
			children = (
				8CCC8FB31AA4CE34000594B7 /* Ta_MarcadoTests.m */,
				8CCC8FB11AA4CE34000594B7 /* Supporting Files */,
			);
			path = Ta_MarcadoTests;
			sourceTree = "<group>";
		};
		8CCC8FB11AA4CE34000594B7 /* Supporting Files */ = {
			isa = PBXGroup;
			children = (
				8CCC8FB21AA4CE34000594B7 /* Info.plist */,
			);
			name = "Supporting Files";
			sourceTree = "<group>";
		};
/* End PBXGroup section */

/* Begin PBXNativeTarget section */
		8CCC8F931AA4CE33000594B7 /* Ta_Marcado */ = {
			isa = PBXNativeTarget;
			buildConfigurationList = 8CCC8FB71AA4CE34000594B7 /* Build configuration list for PBXNativeTarget "Ta_Marcado" */;
			buildPhases = (
				8CCC8F901AA4CE33000594B7 /* Sources */,
				8CCC8F911AA4CE33000594B7 /* Frameworks */,
				8CCC8F921AA4CE33000594B7 /* Resources */,
			);
			buildRules = (
			);
			dependencies = (
			);
			name = Ta_Marcado;
			productName = Ta_Marcado;
			productReference = 8CCC8F941AA4CE33000594B7 /* Ta_Marcado.app */;
			productType = "com.apple.product-type.application";
		};
		8CCC8FAC1AA4CE34000594B7 /* Ta_MarcadoTests */ = {
			isa = PBXNativeTarget;
			buildConfigurationList = 8CCC8FBA1AA4CE34000594B7 /* Build configuration list for PBXNativeTarget "Ta_MarcadoTests" */;
			buildPhases = (
				8CCC8FA91AA4CE34000594B7 /* Sources */,
				8CCC8FAA1AA4CE34000594B7 /* Frameworks */,
				8CCC8FAB1AA4CE34000594B7 /* Resources */,
			);
			buildRules = (
			);
			dependencies = (
				8CCC8FAF1AA4CE34000594B7 /* PBXTargetDependency */,
			);
			name = Ta_MarcadoTests;
			productName = Ta_MarcadoTests;
			productReference = 8CCC8FAD1AA4CE34000594B7 /* Ta_MarcadoTests.xctest */;
			productType = "com.apple.product-type.bundle.unit-test";
		};
/* End PBXNativeTarget section */

/* Begin PBXProject section */
		8CCC8F8C1AA4CE33000594B7 /* Project object */ = {
			isa = PBXProject;
			attributes = {
				LastUpgradeCheck = 0610;
				ORGANIZATIONNAME = "Ricardo Hochman";
				TargetAttributes = {
					8CCC8F931AA4CE33000594B7 = {
						CreatedOnToolsVersion = 6.1.1;
					};
					8CCC8FAC1AA4CE34000594B7 = {
						CreatedOnToolsVersion = 6.1.1;
						TestTargetID = 8CCC8F931AA4CE33000594B7;
					};
				};
			};
			buildConfigurationList = 8CCC8F8F1AA4CE33000594B7 /* Build configuration list for PBXProject "Ta_Marcado" */;
			compatibilityVersion = "Xcode 3.2";
			developmentRegion = English;
			hasScannedForEncodings = 0;
			knownRegions = (
				en,
				Base,
			);
			mainGroup = 8CCC8F8B1AA4CE33000594B7;
			productRefGroup = 8CCC8F951AA4CE33000594B7 /* Products */;
			projectDirPath = "";
			projectRoot = "";
			targets = (
				8CCC8F931AA4CE33000594B7 /* Ta_Marcado */,
				8CCC8FAC1AA4CE34000594B7 /* Ta_MarcadoTests */,
			);
		};
/* End PBXProject section */

/* Begin PBXResourcesBuildPhase section */
		8CCC8F921AA4CE33000594B7 /* Resources */ = {
			isa = PBXResourcesBuildPhase;
			buildActionMask = 2147483647;
			files = (
				8CCC8FA31AA4CE34000594B7 /* Main.storyboard in Resources */,
				8CCC8FA81AA4CE34000594B7 /* LaunchScreen.xib in Resources */,
				8CCC8FA51AA4CE34000594B7 /* Images.xcassets in Resources */,
			);
			runOnlyForDeploymentPostprocessing = 0;
		};
		8CCC8FAB1AA4CE34000594B7 /* Resources */ = {
			isa = PBXResourcesBuildPhase;
			buildActionMask = 2147483647;
			files = (
			);
			runOnlyForDeploymentPostprocessing = 0;
		};
/* End PBXResourcesBuildPhase section */

/* Begin PBXSourcesBuildPhase section */
		8CCC8F901AA4CE33000594B7 /* Sources */ = {
			isa = PBXSourcesBuildPhase;
			buildActionMask = 2147483647;
			files = (
				8CCC8FA01AA4CE34000594B7 /* ViewController.m in Sources */,
				8CCC8F9D1AA4CE34000594B7 /* AppDelegate.m in Sources */,
				8CCC8FC61AA4D737000594B7 /* CellViewController.m in Sources */,
				8CCC8FC91AA4D777000594B7 /* TableViewController.m in Sources */,
				8CCC8F9A1AA4CE34000594B7 /* main.m in Sources */,
			);
			runOnlyForDeploymentPostprocessing = 0;
		};
		8CCC8FA91AA4CE34000594B7 /* Sources */ = {
			isa = PBXSourcesBuildPhase;
			buildActionMask = 2147483647;
			files = (
				8CCC8FB41AA4CE34000594B7 /* Ta_MarcadoTests.m in Sources */,
			);
			runOnlyForDeploymentPostprocessing = 0;
		};
/* End PBXSourcesBuildPhase section */

/* Begin PBXTargetDependency section */
		8CCC8FAF1AA4CE34000594B7 /* PBXTargetDependency */ = {
			isa = PBXTargetDependency;
			target = 8CCC8F931AA4CE33000594B7 /* Ta_Marcado */;
			targetProxy = 8CCC8FAE1AA4CE34000594B7 /* PBXContainerItemProxy */;
		};
/* End PBXTargetDependency section */

/* Begin PBXVariantGroup section */
		8CCC8FA11AA4CE34000594B7 /* Main.storyboard */ = {
			isa = PBXVariantGroup;
			children = (
				8CCC8FA21AA4CE34000594B7 /* Base */,
			);
			name = Main.storyboard;
			sourceTree = "<group>";
		};
		8CCC8FA61AA4CE34000594B7 /* LaunchScreen.xib */ = {
			isa = PBXVariantGroup;
			children = (
				8CCC8FA71AA4CE34000594B7 /* Base */,
			);
			name = LaunchScreen.xib;
			sourceTree = "<group>";
		};
/* End PBXVariantGroup section */

/* Begin XCBuildConfiguration section */
		8CCC8FB51AA4CE34000594B7 /* Debug */ = {
			isa = XCBuildConfiguration;
			buildSettings = {
				ALWAYS_SEARCH_USER_PATHS = NO;
				CLANG_CXX_LANGUAGE_STANDARD = "gnu++0x";
				CLANG_CXX_LIBRARY = "libc++";
				CLANG_ENABLE_MODULES = YES;
				CLANG_ENABLE_OBJC_ARC = YES;
				CLANG_WARN_BOOL_CONVERSION = YES;
				CLANG_WARN_CONSTANT_CONVERSION = YES;
				CLANG_WARN_DIRECT_OBJC_ISA_USAGE = YES_ERROR;
				CLANG_WARN_EMPTY_BODY = YES;
				CLANG_WARN_ENUM_CONVERSION = YES;
				CLANG_WARN_INT_CONVERSION = YES;
				CLANG_WARN_OBJC_ROOT_CLASS = YES_ERROR;
				CLANG_WARN_UNREACHABLE_CODE = YES;
				CLANG_WARN__DUPLICATE_METHOD_MATCH = YES;
				"CODE_SIGN_IDENTITY[sdk=iphoneos*]" = "iPhone Developer";
				COPY_PHASE_STRIP = NO;
				ENABLE_STRICT_OBJC_MSGSEND = YES;
				GCC_C_LANGUAGE_STANDARD = gnu99;
				GCC_DYNAMIC_NO_PIC = NO;
				GCC_OPTIMIZATION_LEVEL = 0;
				GCC_PREPROCESSOR_DEFINITIONS = (
					"DEBUG=1",
					"$(inherited)",
				);
				GCC_SYMBOLS_PRIVATE_EXTERN = NO;
				GCC_WARN_64_TO_32_BIT_CONVERSION = YES;
				GCC_WARN_ABOUT_RETURN_TYPE = YES_ERROR;
				GCC_WARN_UNDECLARED_SELECTOR = YES;
				GCC_WARN_UNINITIALIZED_AUTOS = YES_AGGRESSIVE;
				GCC_WARN_UNUSED_FUNCTION = YES;
				GCC_WARN_UNUSED_VARIABLE = YES;
				IPHONEOS_DEPLOYMENT_TARGET = 8.1;
				MTL_ENABLE_DEBUG_INFO = YES;
				ONLY_ACTIVE_ARCH = YES;
				SDKROOT = iphoneos;
				TARGETED_DEVICE_FAMILY = "1,2";
			};
			name = Debug;
		};
		8CCC8FB61AA4CE34000594B7 /* Release */ = {
			isa = XCBuildConfiguration;
			buildSettings = {
				ALWAYS_SEARCH_USER_PATHS = NO;
				CLANG_CXX_LANGUAGE_STANDARD = "gnu++0x";
				CLANG_CXX_LIBRARY = "libc++";
				CLANG_ENABLE_MODULES = YES;
				CLANG_ENABLE_OBJC_ARC = YES;
				CLANG_WARN_BOOL_CONVERSION = YES;
				CLANG_WARN_CONSTANT_CONVERSION = YES;
				CLANG_WARN_DIRECT_OBJC_ISA_USAGE = YES_ERROR;
				CLANG_WARN_EMPTY_BODY = YES;
				CLANG_WARN_ENUM_CONVERSION = YES;
				CLANG_WARN_INT_CONVERSION = YES;
				CLANG_WARN_OBJC_ROOT_CLASS = YES_ERROR;
				CLANG_WARN_UNREACHABLE_CODE = YES;
				CLANG_WARN__DUPLICATE_METHOD_MATCH = YES;
				"CODE_SIGN_IDENTITY[sdk=iphoneos*]" = "iPhone Developer";
				COPY_PHASE_STRIP = YES;
				ENABLE_NS_ASSERTIONS = NO;
				ENABLE_STRICT_OBJC_MSGSEND = YES;
				GCC_C_LANGUAGE_STANDARD = gnu99;
				GCC_WARN_64_TO_32_BIT_CONVERSION = YES;
				GCC_WARN_ABOUT_RETURN_TYPE = YES_ERROR;
				GCC_WARN_UNDECLARED_SELECTOR = YES;
				GCC_WARN_UNINITIALIZED_AUTOS = YES_AGGRESSIVE;
				GCC_WARN_UNUSED_FUNCTION = YES;
				GCC_WARN_UNUSED_VARIABLE = YES;
				IPHONEOS_DEPLOYMENT_TARGET = 8.1;
				MTL_ENABLE_DEBUG_INFO = NO;
				SDKROOT = iphoneos;
				TARGETED_DEVICE_FAMILY = "1,2";
				VALIDATE_PRODUCT = YES;
			};
			name = Release;
		};
		8CCC8FB81AA4CE34000594B7 /* Debug */ = {
			isa = XCBuildConfiguration;
			buildSettings = {
				ASSETCATALOG_COMPILER_APPICON_NAME = AppIcon;
				INFOPLIST_FILE = Ta_Marcado/Info.plist;
				LD_RUNPATH_SEARCH_PATHS = "$(inherited) @executable_path/Frameworks";
				PRODUCT_NAME = "$(TARGET_NAME)";
			};
			name = Debug;
		};
		8CCC8FB91AA4CE34000594B7 /* Release */ = {
			isa = XCBuildConfiguration;
			buildSettings = {
				ASSETCATALOG_COMPILER_APPICON_NAME = AppIcon;
				INFOPLIST_FILE = Ta_Marcado/Info.plist;
				LD_RUNPATH_SEARCH_PATHS = "$(inherited) @executable_path/Frameworks";
				PRODUCT_NAME = "$(TARGET_NAME)";
			};
			name = Release;
		};
		8CCC8FBB1AA4CE34000594B7 /* Debug */ = {
			isa = XCBuildConfiguration;
			buildSettings = {
				BUNDLE_LOADER = "$(TEST_HOST)";
				FRAMEWORK_SEARCH_PATHS = (
					"$(SDKROOT)/Developer/Library/Frameworks",
					"$(inherited)",
				);
				GCC_PREPROCESSOR_DEFINITIONS = (
					"DEBUG=1",
					"$(inherited)",
				);
				INFOPLIST_FILE = Ta_MarcadoTests/Info.plist;
				LD_RUNPATH_SEARCH_PATHS = "$(inherited) @executable_path/Frameworks @loader_path/Frameworks";
				PRODUCT_NAME = "$(TARGET_NAME)";
				TEST_HOST = "$(BUILT_PRODUCTS_DIR)/Ta_Marcado.app/Ta_Marcado";
			};
			name = Debug;
		};
		8CCC8FBC1AA4CE34000594B7 /* Release */ = {
			isa = XCBuildConfiguration;
			buildSettings = {
				BUNDLE_LOADER = "$(TEST_HOST)";
				FRAMEWORK_SEARCH_PATHS = (
					"$(SDKROOT)/Developer/Library/Frameworks",
					"$(inherited)",
				);
				INFOPLIST_FILE = Ta_MarcadoTests/Info.plist;
				LD_RUNPATH_SEARCH_PATHS = "$(inherited) @executable_path/Frameworks @loader_path/Frameworks";
				PRODUCT_NAME = "$(TARGET_NAME)";
				TEST_HOST = "$(BUILT_PRODUCTS_DIR)/Ta_Marcado.app/Ta_Marcado";
			};
			name = Release;
		};
/* End XCBuildConfiguration section */

/* Begin XCConfigurationList section */
		8CCC8F8F1AA4CE33000594B7 /* Build configuration list for PBXProject "Ta_Marcado" */ = {
			isa = XCConfigurationList;
			buildConfigurations = (
				8CCC8FB51AA4CE34000594B7 /* Debug */,
				8CCC8FB61AA4CE34000594B7 /* Release */,
			);
			defaultConfigurationIsVisible = 0;
			defaultConfigurationName = Release;
		};
		8CCC8FB71AA4CE34000594B7 /* Build configuration list for PBXNativeTarget "Ta_Marcado" */ = {
			isa = XCConfigurationList;
			buildConfigurations = (
				8CCC8FB81AA4CE34000594B7 /* Debug */,
				8CCC8FB91AA4CE34000594B7 /* Release */,
			);
			defaultConfigurationIsVisible = 0;
		};
		8CCC8FBA1AA4CE34000594B7 /* Build configuration list for PBXNativeTarget "Ta_MarcadoTests" */ = {
			isa = XCConfigurationList;
			buildConfigurations = (
				8CCC8FBB1AA4CE34000594B7 /* Debug */,
				8CCC8FBC1AA4CE34000594B7 /* Release */,
			);
			defaultConfigurationIsVisible = 0;
		};
/* End XCConfigurationList section */
	};
	rootObject = 8CCC8F8C1AA4CE33000594B7 /* Project object */;
}
